
Microsoft Visual Studio Solution File, Format Version 12.00
# Visual Studio Version 17
VisualStudioVersion = 17.0.32014.148
MinimumVisualStudioVersion = 10.0.40219.1
Project("{9A19103F-16F7-4668-BE54-9A1E7A4F7556}") = "Nucleo", "Nucleo\Nucleo.csproj", "{1359AECE-3DB4-4AB0-AFDB-DA95F0F284FA}"
EndProject
Project("{9A19103F-16F7-4668-BE54-9A1E7A4F7556}") = "Nucleo.Tests", "Nucleo.Tests\Nucleo.Tests.csproj", "{1B1E5DE9-AA12-4B15-A353-7027B64BA3DC}"
EndProject
Project("{2150E333-8FDC-42A3-9474-1A3956D46DE8}") = "Solution Items", "Solution Items", "{59C64C17-D84E-48BE-888C-B047DC5728F7}"
	ProjectSection(SolutionItems) = preProject
		..\.editorconfig = ..\.editorconfig
		..\.gitignore = ..\.gitignore
		..\README.md = ..\README.md
	EndProjectSection
EndProject
Global
	GlobalSection(SolutionConfigurationPlatforms) = preSolution
		Debug|Any CPU = Debug|Any CPU
		Release|Any CPU = Release|Any CPU
	EndGlobalSection
	GlobalSection(ProjectConfigurationPlatforms) = postSolution
		{1359AECE-3DB4-4AB0-AFDB-DA95F0F284FA}.Debug|Any CPU.ActiveCfg = Debug|Any CPU
		{1359AECE-3DB4-4AB0-AFDB-DA95F0F284FA}.Debug|Any CPU.Build.0 = Debug|Any CPU
		{1359AECE-3DB4-4AB0-AFDB-DA95F0F284FA}.Release|Any CPU.ActiveCfg = Release|Any CPU
		{1359AECE-3DB4-4AB0-AFDB-DA95F0F284FA}.Release|Any CPU.Build.0 = Release|Any CPU
		{1B1E5DE9-AA12-4B15-A353-7027B64BA3DC}.Debug|Any CPU.ActiveCfg = Debug|Any CPU
		{1B1E5DE9-AA12-4B15-A353-7027B64BA3DC}.Debug|Any CPU.Build.0 = Debug|Any CPU
		{1B1E5DE9-AA12-4B15-A353-7027B64BA3DC}.Release|Any CPU.ActiveCfg = Release|Any CPU
		{1B1E5DE9-AA12-4B15-A353-7027B64BA3DC}.Release|Any CPU.Build.0 = Release|Any CPU
	EndGlobalSection
	GlobalSection(SolutionProperties) = preSolution
		HideSolutionNode = FALSE
	EndGlobalSection
	GlobalSection(ExtensibilityGlobals) = postSolution
		SolutionGuid = {6379CA82-3678-4A7B-A1C9-6B1EDA29ED06}
	EndGlobalSection
EndGlobal
